// !$*UTF8*$!
{
	archiveVersion = 1;
	classes = {
	};
	objectVersion = 46;
	objects = {

/* Begin PBXBuildFile section */
		E31B7DF71B7B50A800B8A9D3 /* main.m in Sources */ = {isa = PBXBuildFile; fileRef = E31B7DF61B7B50A800B8A9D3 /* main.m */; };
		E31B7DFA1B7B50A800B8A9D3 /* AppDelegate.m in Sources */ = {isa = PBXBuildFile; fileRef = E31B7DF91B7B50A800B8A9D3 /* AppDelegate.m */; };
		E31B7DFD1B7B50A800B8A9D3 /* ViewController.m in Sources */ = {isa = PBXBuildFile; fileRef = E31B7DFC1B7B50A800B8A9D3 /* ViewController.m */; };
		E31B7E001B7B50A800B8A9D3 /* Main.storyboard in Resources */ = {isa = PBXBuildFile; fileRef = E31B7DFE1B7B50A800B8A9D3 /* Main.storyboard */; };
		E31B7E021B7B50A800B8A9D3 /* Images.xcassets in Resources */ = {isa = PBXBuildFile; fileRef = E31B7E011B7B50A800B8A9D3 /* Images.xcassets */; };
		E31B7E051B7B50A800B8A9D3 /* LaunchScreen.xib in Resources */ = {isa = PBXBuildFile; fileRef = E31B7E031B7B50A800B8A9D3 /* LaunchScreen.xib */; };
		E32222ED1CBF946B006A06ED /* HTCollectionViewCellX.m in Sources */ = {isa = PBXBuildFile; fileRef = E32222EB1CBF946B006A06ED /* HTCollectionViewCellX.m */; };
		E32222EE1CBF946B006A06ED /* HTCollectionViewCellX.xib in Resources */ = {isa = PBXBuildFile; fileRef = E32222EC1CBF946B006A06ED /* HTCollectionViewCellX.xib */; };
		E3B215991B7C2EC0008C5ED0 /* HTLineLayout.m in Sources */ = {isa = PBXBuildFile; fileRef = E3B215981B7C2EC0008C5ED0 /* HTLineLayout.m */; };
		E3B215A01B7C3CFC008C5ED0 /* HTCollectionViewCell.m in Sources */ = {isa = PBXBuildFile; fileRef = E3B2159E1B7C3CFC008C5ED0 /* HTCollectionViewCell.m */; };
		E3B215A11B7C3CFC008C5ED0 /* HTCollectionViewCell.xib in Resources */ = {isa = PBXBuildFile; fileRef = E3B2159F1B7C3CFC008C5ED0 /* HTCollectionViewCell.xib */; };
		E3B215A71B7CA1D6008C5ED0 /* HTCircle.m in Sources */ = {isa = PBXBuildFile; fileRef = E3B215A61B7CA1D6008C5ED0 /* HTCircle.m */; };
		E3B215AA1B7CA48E008C5ED0 /* HTStack.m in Sources */ = {isa = PBXBuildFile; fileRef = E3B215A91B7CA48E008C5ED0 /* HTStack.m */; };
/* End PBXBuildFile section */

/* Begin PBXFileReference section */
		E31B7DF11B7B50A800B8A9D3 /* collectionView.app */ = {isa = PBXFileReference; explicitFileType = wrapper.application; includeInIndex = 0; path = collectionView.app; sourceTree = BUILT_PRODUCTS_DIR; };
		E31B7DF51B7B50A800B8A9D3 /* Info.plist */ = {isa = PBXFileReference; lastKnownFileType = text.plist.xml; path = Info.plist; sourceTree = "<group>"; };
		E31B7DF61B7B50A800B8A9D3 /* main.m */ = {isa = PBXFileReference; lastKnownFileType = sourcecode.c.objc; path = main.m; sourceTree = "<group>"; };
		E31B7DF81B7B50A800B8A9D3 /* AppDelegate.h */ = {isa = PBXFileReference; lastKnownFileType = sourcecode.c.h; path = AppDelegate.h; sourceTree = "<group>"; };
		E31B7DF91B7B50A800B8A9D3 /* AppDelegate.m */ = {isa = PBXFileReference; lastKnownFileType = sourcecode.c.objc; path = AppDelegate.m; sourceTree = "<group>"; };
		E31B7DFB1B7B50A800B8A9D3 /* ViewController.h */ = {isa = PBXFileReference; lastKnownFileType = sourcecode.c.h; path = ViewController.h; sourceTree = "<group>"; };
		E31B7DFC1B7B50A800B8A9D3 /* ViewController.m */ = {isa = PBXFileReference; lastKnownFileType = sourcecode.c.objc; path = ViewController.m; sourceTree = "<group>"; };
		E31B7DFF1B7B50A800B8A9D3 /* Base */ = {isa = PBXFileReference; lastKnownFileType = file.storyboard; name = Base; path = Base.lproj/Main.storyboard; sourceTree = "<group>"; };
		E31B7E011B7B50A800B8A9D3 /* Images.xcassets */ = {isa = PBXFileReference; lastKnownFileType = folder.assetcatalog; path = Images.xcassets; sourceTree = "<group>"; };
		E31B7E041B7B50A800B8A9D3 /* Base */ = {isa = PBXFileReference; lastKnownFileType = file.xib; name = Base; path = Base.lproj/LaunchScreen.xib; sourceTree = "<group>"; };
		E31B7E0F1B7B50A800B8A9D3 /* Info.plist */ = {isa = PBXFileReference; lastKnownFileType = text.plist.xml; path = Info.plist; sourceTree = "<group>"; };
		E31B7E101B7B50A800B8A9D3 /* collectionViewTests.m */ = {isa = PBXFileReference; lastKnownFileType = sourcecode.c.objc; path = collectionViewTests.m; sourceTree = "<group>"; };
		E32222EA1CBF946B006A06ED /* HTCollectionViewCellX.h */ = {isa = PBXFileReference; fileEncoding = 4; lastKnownFileType = sourcecode.c.h; path = HTCollectionViewCellX.h; sourceTree = "<group>"; };
		E32222EB1CBF946B006A06ED /* HTCollectionViewCellX.m */ = {isa = PBXFileReference; fileEncoding = 4; lastKnownFileType = sourcecode.c.objc; path = HTCollectionViewCellX.m; sourceTree = "<group>"; };
		E32222EC1CBF946B006A06ED /* HTCollectionViewCellX.xib */ = {isa = PBXFileReference; fileEncoding = 4; lastKnownFileType = file.xib; path = HTCollectionViewCellX.xib; sourceTree = "<group>"; };
		E3B215971B7C2EC0008C5ED0 /* HTLineLayout.h */ = {isa = PBXFileReference; fileEncoding = 4; lastKnownFileType = sourcecode.c.h; path = HTLineLayout.h; sourceTree = "<group>"; };
		E3B215981B7C2EC0008C5ED0 /* HTLineLayout.m */ = {isa = PBXFileReference; fileEncoding = 4; lastKnownFileType = sourcecode.c.objc; path = HTLineLayout.m; sourceTree = "<group>"; };
		E3B2159D1B7C3CFC008C5ED0 /* HTCollectionViewCell.h */ = {isa = PBXFileReference; fileEncoding = 4; lastKnownFileType = sourcecode.c.h; name = HTCollectionViewCell.h; path = ../HTCollectionViewCell.h; sourceTree = "<group>"; };
		E3B2159E1B7C3CFC008C5ED0 /* HTCollectionViewCell.m */ = {isa = PBXFileReference; fileEncoding = 4; lastKnownFileType = sourcecode.c.objc; name = HTCollectionViewCell.m; path = ../HTCollectionViewCell.m; sourceTree = "<group>"; };
		E3B2159F1B7C3CFC008C5ED0 /* HTCollectionViewCell.xib */ = {isa = PBXFileReference; fileEncoding = 4; lastKnownFileType = file.xib; name = HTCollectionViewCell.xib; path = ../HTCollectionViewCell.xib; sourceTree = "<group>"; };
		E3B215A51B7CA1D6008C5ED0 /* HTCircle.h */ = {isa = PBXFileReference; fileEncoding = 4; lastKnownFileType = sourcecode.c.h; path = HTCircle.h; sourceTree = "<group>"; };
		E3B215A61B7CA1D6008C5ED0 /* HTCircle.m */ = {isa = PBXFileReference; fileEncoding = 4; lastKnownFileType = sourcecode.c.objc; path = HTCircle.m; sourceTree = "<group>"; };
		E3B215A81B7CA48E008C5ED0 /* HTStack.h */ = {isa = PBXFileReference; fileEncoding = 4; lastKnownFileType = sourcecode.c.h; path = HTStack.h; sourceTree = "<group>"; };
		E3B215A91B7CA48E008C5ED0 /* HTStack.m */ = {isa = PBXFileReference; fileEncoding = 4; lastKnownFileType = sourcecode.c.objc; path = HTStack.m; sourceTree = "<group>"; };
/* End PBXFileReference section */

/* Begin PBXFrameworksBuildPhase section */
		E31B7DEE1B7B50A800B8A9D3 /* Frameworks */ = {
			isa = PBXFrameworksBuildPhase;
			buildActionMask = 2147483647;
			files = (
			);
			runOnlyForDeploymentPostprocessing = 0;
		};
/* End PBXFrameworksBuildPhase section */

/* Begin PBXGroup section */
		E31B7DE81B7B50A800B8A9D3 = {
			isa = PBXGroup;
			children = (
				E31B7DF31B7B50A800B8A9D3 /* collectionView */,
				E31B7E0D1B7B50A800B8A9D3 /* collectionViewTests */,
				E31B7DF21B7B50A800B8A9D3 /* Products */,
			);
			sourceTree = "<group>";
		};
		E31B7DF21B7B50A800B8A9D3 /* Products */ = {
			isa = PBXGroup;
			children = (
				E31B7DF11B7B50A800B8A9D3 /* collectionView.app */,
			);
			name = Products;
			sourceTree = "<group>";
		};
		E31B7DF31B7B50A800B8A9D3 /* collectionView */ = {
			isa = PBXGroup;
			children = (
				E31B7DF81B7B50A800B8A9D3 /* AppDelegate.h */,
				E31B7DF91B7B50A800B8A9D3 /* AppDelegate.m */,
				E31B7DFB1B7B50A800B8A9D3 /* ViewController.h */,
				E31B7DFC1B7B50A800B8A9D3 /* ViewController.m */,
				E32222EA1CBF946B006A06ED /* HTCollectionViewCellX.h */,
				E32222EB1CBF946B006A06ED /* HTCollectionViewCellX.m */,
				E32222EC1CBF946B006A06ED /* HTCollectionViewCellX.xib */,
				E3B2159D1B7C3CFC008C5ED0 /* HTCollectionViewCell.h */,
				E3B2159E1B7C3CFC008C5ED0 /* HTCollectionViewCell.m */,
				E3B2159F1B7C3CFC008C5ED0 /* HTCollectionViewCell.xib */,
				E31B7DFE1B7B50A800B8A9D3 /* Main.storyboard */,
				E31B7E011B7B50A800B8A9D3 /* Images.xcassets */,
				E3B215971B7C2EC0008C5ED0 /* HTLineLayout.h */,
				E3B215981B7C2EC0008C5ED0 /* HTLineLayout.m */,
				E3B215A81B7CA48E008C5ED0 /* HTStack.h */,
				E3B215A91B7CA48E008C5ED0 /* HTStack.m */,
				E3B215A51B7CA1D6008C5ED0 /* HTCircle.h */,
				E3B215A61B7CA1D6008C5ED0 /* HTCircle.m */,
				E31B7E031B7B50A800B8A9D3 /* LaunchScreen.xib */,
				E31B7DF41B7B50A800B8A9D3 /* Supporting Files */,
			);
			path = collectionView;
			sourceTree = "<group>";
		};
		E31B7DF41B7B50A800B8A9D3 /* Supporting Files */ = {
			isa = PBXGroup;
			children = (
				E31B7DF51B7B50A800B8A9D3 /* Info.plist */,
				E31B7DF61B7B50A800B8A9D3 /* main.m */,
			);
			name = "Supporting Files";
			sourceTree = "<group>";
		};
		E31B7E0D1B7B50A800B8A9D3 /* collectionViewTests */ = {
			isa = PBXGroup;
			children = (
				E31B7E101B7B50A800B8A9D3 /* collectionViewTests.m */,
				E31B7E0E1B7B50A800B8A9D3 /* Supporting Files */,
			);
			path = collectionViewTests;
			sourceTree = "<group>";
		};
		E31B7E0E1B7B50A800B8A9D3 /* Supporting Files */ = {
			isa = PBXGroup;
			children = (
				E31B7E0F1B7B50A800B8A9D3 /* Info.plist */,
			);
			name = "Supporting Files";
			sourceTree = "<group>";
		};
/* End PBXGroup section */

/* Begin PBXNativeTarget section */
		E31B7DF01B7B50A800B8A9D3 /* collectionView */ = {
			isa = PBXNativeTarget;
			buildConfigurationList = E31B7E141B7B50A800B8A9D3 /* Build configuration list for PBXNativeTarget "collectionView" */;
			buildPhases = (
				E31B7DED1B7B50A800B8A9D3 /* Sources */,
				E31B7DEE1B7B50A800B8A9D3 /* Frameworks */,
				E31B7DEF1B7B50A800B8A9D3 /* Resources */,
			);
			buildRules = (
			);
			dependencies = (
			);
			name = collectionView;
			productName = collectionView;
			productReference = E31B7DF11B7B50A800B8A9D3 /* collectionView.app */;
			productType = "com.apple.product-type.application";
		};
/* End PBXNativeTarget section */

/* Begin PBXProject section */
		E31B7DE91B7B50A800B8A9D3 /* Project object */ = {
			isa = PBXProject;
			attributes = {
				LastUpgradeCheck = 0630;
				ORGANIZATIONNAME = womai;
				TargetAttributes = {
					E31B7DF01B7B50A800B8A9D3 = {
						CreatedOnToolsVersion = 6.3;
						DevelopmentTeam = 687C4JR3J3;
						ProvisioningStyle = Automatic;
					};
				};
			};
			buildConfigurationList = E31B7DEC1B7B50A800B8A9D3 /* Build configuration list for PBXProject "collectionView" */;
			compatibilityVersion = "Xcode 3.2";
			developmentRegion = English;
			hasScannedForEncodings = 0;
			knownRegions = (
				English,
				en,
				Base,
			);
			mainGroup = E31B7DE81B7B50A800B8A9D3;
			productRefGroup = E31B7DF21B7B50A800B8A9D3 /* Products */;
			projectDirPath = "";
			projectRoot = "";
			targets = (
				E31B7DF01B7B50A800B8A9D3 /* collectionView */,
			);
		};
/* End PBXProject section */

/* Begin PBXResourcesBuildPhase section */
		E31B7DEF1B7B50A800B8A9D3 /* Resources */ = {
			isa = PBXResourcesBuildPhase;
			buildActionMask = 2147483647;
			files = (
				E3B215A11B7C3CFC008C5ED0 /* HTCollectionViewCell.xib in Resources */,
				E31B7E001B7B50A800B8A9D3 /* Main.storyboard in Resources */,
				E31B7E051B7B50A800B8A9D3 /* LaunchScreen.xib in Resources */,
				E31B7E021B7B50A800B8A9D3 /* Images.xcassets in Resources */,
				E32222EE1CBF946B006A06ED /* HTCollectionViewCellX.xib in Resources */,
			);
			runOnlyForDeploymentPostprocessing = 0;
		};
/* End PBXResourcesBuildPhase section */

/* Begin PBXSourcesBuildPhase section */
		E31B7DED1B7B50A800B8A9D3 /* Sources */ = {
			isa = PBXSourcesBuildPhase;
			buildActionMask = 2147483647;
			files = (
				E31B7DFD1B7B50A800B8A9D3 /* ViewController.m in Sources */,
				E31B7DFA1B7B50A800B8A9D3 /* AppDelegate.m in Sources */,
				E31B7DF71B7B50A800B8A9D3 /* main.m in Sources */,
				E3B215AA1B7CA48E008C5ED0 /* HTStack.m in Sources */,
				E3B215A01B7C3CFC008C5ED0 /* HTCollectionViewCell.m in Sources */,
				E32222ED1CBF946B006A06ED /* HTCollectionViewCellX.m in Sources */,
				E3B215991B7C2EC0008C5ED0 /* HTLineLayout.m in Sources */,
				E3B215A71B7CA1D6008C5ED0 /* HTCircle.m in Sources */,
			);
			runOnlyForDeploymentPostprocessing = 0;
		};
/* End PBXSourcesBuildPhase section */

/* Begin PBXVariantGroup section */
		E31B7DFE1B7B50A800B8A9D3 /* Main.storyboard */ = {
			isa = PBXVariantGroup;
			children = (
				E31B7DFF1B7B50A800B8A9D3 /* Base */,
			);
			name = Main.storyboard;
			sourceTree = "<group>";
		};
		E31B7E031B7B50A800B8A9D3 /* LaunchScreen.xib */ = {
			isa = PBXVariantGroup;
			children = (
				E31B7E041B7B50A800B8A9D3 /* Base */,
			);
			name = LaunchScreen.xib;
			sourceTree = "<group>";
		};
/* End PBXVariantGroup section */

/* Begin XCBuildConfiguration section */
		E31B7E121B7B50A800B8A9D3 /* Debug */ = {
			isa = XCBuildConfiguration;
			buildSettings = {
				ALWAYS_SEARCH_USER_PATHS = NO;
				CLANG_CXX_LANGUAGE_STANDARD = "gnu++0x";
				CLANG_CXX_LIBRARY = "libc++";
				CLANG_ENABLE_MODULES = YES;
				CLANG_ENABLE_OBJC_ARC = YES;
				CLANG_WARN_BOOL_CONVERSION = YES;
				CLANG_WARN_CONSTANT_CONVERSION = YES;
				CLANG_WARN_DIRECT_OBJC_ISA_USAGE = YES_ERROR;
				CLANG_WARN_EMPTY_BODY = YES;
				CLANG_WARN_ENUM_CONVERSION = YES;
				CLANG_WARN_INT_CONVERSION = YES;
				CLANG_WARN_OBJC_ROOT_CLASS = YES_ERROR;
				CLANG_WARN_UNREACHABLE_CODE = YES;
				CLANG_WARN__DUPLICATE_METHOD_MATCH = YES;
				"CODE_SIGN_IDENTITY[sdk=iphoneos*]" = "iPhone Developer";
				COPY_PHASE_STRIP = NO;
				DEBUG_INFORMATION_FORMAT = "dwarf-with-dsym";
				ENABLE_STRICT_OBJC_MSGSEND = YES;
				GCC_C_LANGUAGE_STANDARD = gnu99;
				GCC_DYNAMIC_NO_PIC = NO;
				GCC_NO_COMMON_BLOCKS = YES;
				GCC_OPTIMIZATION_LEVEL = 0;
				GCC_PREPROCESSOR_DEFINITIONS = (
					"DEBUG=1",
					"$(inherited)",
				);
				GCC_SYMBOLS_PRIVATE_EXTERN = NO;
				GCC_WARN_64_TO_32_BIT_CONVERSION = YES;
				GCC_WARN_ABOUT_RETURN_TYPE = YES_ERROR;
				GCC_WARN_UNDECLARED_SELECTOR = YES;
				GCC_WARN_UNINITIALIZED_AUTOS = YES_AGGRESSIVE;
				GCC_WARN_UNUSED_FUNCTION = YES;
				GCC_WARN_UNUSED_VARIABLE = YES;
				IPHONEOS_DEPLOYMENT_TARGET = 8.3;
				MTL_ENABLE_DEBUG_INFO = YES;
				ONLY_ACTIVE_ARCH = YES;
				SDKROOT = iphoneos;
			};
			name = Debug;
		};
		E31B7E131B7B50A800B8A9D3 /* Release */ = {
			isa = XCBuildConfiguration;
			buildSettings = {
				ALWAYS_SEARCH_USER_PATHS = NO;
				CLANG_CXX_LANGUAGE_STANDARD = "gnu++0x";
				CLANG_CXX_LIBRARY = "libc++";
				CLANG_ENABLE_MODULES = YES;
				CLANG_ENABLE_OBJC_ARC = YES;
				CLANG_WARN_BOOL_CONVERSION = YES;
				CLANG_WARN_CONSTANT_CONVERSION = YES;
				CLANG_WARN_DIRECT_OBJC_ISA_USAGE = YES_ERROR;
				CLANG_WARN_EMPTY_BODY = YES;
				CLANG_WARN_ENUM_CONVERSION = YES;
				CLANG_WARN_INT_CONVERSION = YES;
				CLANG_WARN_OBJC_ROOT_CLASS = YES_ERROR;
				CLANG_WARN_UNREACHABLE_CODE = YES;
				CLANG_WARN__DUPLICATE_METHOD_MATCH = YES;
				"CODE_SIGN_IDENTITY[sdk=iphoneos*]" = "iPhone Developer";
				COPY_PHASE_STRIP = NO;
				DEBUG_INFORMATION_FORMAT = "dwarf-with-dsym";
				ENABLE_NS_ASSERTIONS = NO;
				ENABLE_STRICT_OBJC_MSGSEND = YES;
				GCC_C_LANGUAGE_STANDARD = gnu99;
				GCC_NO_COMMON_BLOCKS = YES;
				GCC_WARN_64_TO_32_BIT_CONVERSION = YES;
				GCC_WARN_ABOUT_RETURN_TYPE = YES_ERROR;
				GCC_WARN_UNDECLARED_SELECTOR = YES;
				GCC_WARN_UNINITIALIZED_AUTOS = YES_AGGRESSIVE;
				GCC_WARN_UNUSED_FUNCTION = YES;
				GCC_WARN_UNUSED_VARIABLE = YES;
				IPHONEOS_DEPLOYMENT_TARGET = 8.3;
				MTL_ENABLE_DEBUG_INFO = NO;
				SDKROOT = iphoneos;
				VALIDATE_PRODUCT = YES;
			};
			name = Release;
		};
		E31B7E151B7B50A800B8A9D3 /* Debug */ = {
			isa = XCBuildConfiguration;
			buildSettings = {
				ASSETCATALOG_COMPILER_APPICON_NAME = AppIcon;
				CODE_SIGN_IDENTITY = "Apple Development";
				CODE_SIGN_STYLE = Automatic;
				DEVELOPMENT_TEAM = 687C4JR3J3;
				INFOPLIST_FILE = collectionView/Info.plist;
				IPHONEOS_DEPLOYMENT_TARGET = 13.0;
				LD_RUNPATH_SEARCH_PATHS = "$(inherited) @executable_path/Frameworks";
				PRODUCT_BUNDLE_IDENTIFIER = com.renren.layout;
				PRODUCT_NAME = "$(TARGET_NAME)";
				PROVISIONING_PROFILE_SPECIFIER = "";
			};
			name = Debug;
		};
		E31B7E161B7B50A800B8A9D3 /* Release */ = {
			isa = XCBuildConfiguration;
			buildSettings = {
				ASSETCATALOG_COMPILER_APPICON_NAME = AppIcon;
				CODE_SIGN_IDENTITY = "Apple Development";
				CODE_SIGN_STYLE = Automatic;
				DEVELOPMENT_TEAM = 687C4JR3J3;
				INFOPLIST_FILE = collectionView/Info.plist;
				IPHONEOS_DEPLOYMENT_TARGET = 13.0;
				LD_RUNPATH_SEARCH_PATHS = "$(inherited) @executable_path/Frameworks";
				PRODUCT_BUNDLE_IDENTIFIER = com.renren.layout;
				PRODUCT_NAME = "$(TARGET_NAME)";
				PROVISIONING_PROFILE_SPECIFIER = "";
			};
			name = Release;
		};
/* End XCBuildConfiguration section */

/* Begin XCConfigurationList section */
		E31B7DEC1B7B50A800B8A9D3 /* Build configuration list for PBXProject "collectionView" */ = {
			isa = XCConfigurationList;
			buildConfigurations = (
				E31B7E121B7B50A800B8A9D3 /* Debug */,
				E31B7E131B7B50A800B8A9D3 /* Release */,
			);
			defaultConfigurationIsVisible = 0;
			defaultConfigurationName = Release;
		};
		E31B7E141B7B50A800B8A9D3 /* Build configuration list for PBXNativeTarget "collectionView" */ = {
			isa = XCConfigurationList;
			buildConfigurations = (
				E31B7E151B7B50A800B8A9D3 /* Debug */,
				E31B7E161B7B50A800B8A9D3 /* Release */,
			);
			defaultConfigurationIsVisible = 0;
			defaultConfigurationName = Release;
		};
/* End XCConfigurationList section */
	};
	rootObject = E31B7DE91B7B50A800B8A9D3 /* Project object */;
}
